
Microsoft Visual Studio Solution File, Format Version 12.00
# Visual Studio Version 16
VisualStudioVersion = 16.0.31321.278
MinimumVisualStudioVersion = 10.0.40219.1
Project("{FAE04EC0-301F-11D3-BF4B-00C04F79EFBC}") = "proiect", "proiect\proiect.csproj", "{7F24C60D-1CD6-44C1-9B7E-C88581154E6F}"
EndProject
Global
	GlobalSection(SolutionConfigurationPlatforms) = preSolution
		Debug|Any CPU = Debug|Any CPU
		Release|Any CPU = Release|Any CPU
	EndGlobalSection
	GlobalSection(ProjectConfigurationPlatforms) = postSolution
		{7F24C60D-1CD6-44C1-9B7E-C88581154E6F}.Debug|Any CPU.ActiveCfg = Debug|Any CPU
		{7F24C60D-1CD6-44C1-9B7E-C88581154E6F}.Debug|Any CPU.Build.0 = Debug|Any CPU
		{7F24C60D-1CD6-44C1-9B7E-C88581154E6F}.Release|Any CPU.ActiveCfg = Release|Any CPU
		{7F24C60D-1CD6-44C1-9B7E-C88581154E6F}.Release|Any CPU.Build.0 = Release|Any CPU
	EndGlobalSection
	GlobalSection(SolutionProperties) = preSolution
		HideSolutionNode = FALSE
	EndGlobalSection
	GlobalSection(ExtensibilityGlobals) = postSolution
		SolutionGuid = {A7D54A2B-E9A5-4BC1-B727-0C1571AF5413}
	EndGlobalSection
EndGlobal
